
Microsoft Visual Studio Solution File, Format Version 12.00
# Visual Studio Version 16
VisualStudioVersion = 16.0.31624.102
MinimumVisualStudioVersion = 10.0.40219.1
Project("{FAE04EC0-301F-11D3-BF4B-00C04F79EFBC}") = "ShoppingCart", "ShoppingCart\ShoppingCart.csproj", "{924903B8-87A5-4FE2-A6DD-F1FB14B60014}"
EndProject
Global
	GlobalSection(SolutionConfigurationPlatforms) = preSolution
		Debug|Any CPU = Debug|Any CPU
		Release|Any CPU = Release|Any CPU
	EndGlobalSection
	GlobalSection(ProjectConfigurationPlatforms) = postSolution
		{924903B8-87A5-4FE2-A6DD-F1FB14B60014}.Debug|Any CPU.ActiveCfg = Debug|Any CPU
		{924903B8-87A5-4FE2-A6DD-F1FB14B60014}.Debug|Any CPU.Build.0 = Debug|Any CPU
		{924903B8-87A5-4FE2-A6DD-F1FB14B60014}.Release|Any CPU.ActiveCfg = Release|Any CPU
		{924903B8-87A5-4FE2-A6DD-F1FB14B60014}.Release|Any CPU.Build.0 = Release|Any CPU
	EndGlobalSection
	GlobalSection(SolutionProperties) = preSolution
		HideSolutionNode = FALSE
	EndGlobalSection
	GlobalSection(ExtensibilityGlobals) = postSolution
		SolutionGuid = {8176A740-5E3B-4476-8E92-9223CD56C067}
	EndGlobalSection
EndGlobal
